github.com/DAMEDIC/fhir-toolbox-go v0.0.0-20250501144100-d90d3ee13efc h1:DRS9DL6nUTOuB/Q1fz0K3/qj2xTMjdWOAtmTm2JtTAs=
github.com/DAMEDIC/fhir-toolbox-go v0.0.0-20250501144100-d90d3ee13efc/go.mod h1:l5HFsd074mWFSQRGA0oanSWT+pD01l4oWiGJKTE+lG4=
github.com/DAMEDIC/fhir-toolbox-go v0.0.0-20250520144800-5b5106bfdc5f h1:/ljE06tq+HtOFGrHoHyufmfrfiz1sayl8fhWoaNcTmA=
github.com/DAMEDIC/fhir-toolbox-go v0.0.0-20250520144800-5b5106bfdc5f/go.mod h1:l5HFsd074mWFSQRGA0oanSWT+pD01l4oWiGJKTE+lG4=
github.com/DAMEDIC/fhir-toolbox-go v0.0.0-20250520193409-326a987d5bfd h1:mmgPcyDJhx+XOuWERdmelM2d7Di+YEULZxOB9327qg0=
github.com/DAMEDIC/fhir-toolbox-go v0.0.0-20250520193409-326a987d5bfd/go.mod h1:l5HFsd074mWFSQRGA0oanSWT+pD01l4oWiGJKTE+lG4=
github.com/antlr4-go/antlr/v4 v4.13.1 h1:SqQKkuVZ+zWkMMNkjy5FZe5mr5WURWnlpmOuzYWrPrQ=
github.com/antlr4-go/antlr/v4 v4.13.1/go.mod h1:GKmUxMtwp6ZgGwZSva4eWPC5mS6vUAmOABFgjdkM7Nw=
github.com/cockroachdb/apd/v3 v3.2.1 h1:U+8j7t0axsIgvQUqthuNm82HIrYXodOV2iWLWtEaIwg=
github.com/cockroachdb/apd/v3 v3.2.1/go.mod h1:klXJcjp+FffLTHlhIG69tezTDvdP065naDsHzKhYSqc=
github.com/lib/pq v1.10.7 h1:p7ZhMD+KsSRozJr34udlUrhboJwWAgCg34+/ZZNvZZw=
github.com/lib/pq v1.10.7/go.mod h1:AlVN5x4E4T544tWzH6hKfbfQvm3HdbOxrmggDNAPY9o=
golang.org/x/exp v0.0.0-20250408133849-7e4ce0ab07d0 h1:R84qjqJb5nVJMxqWYb3np9L5ZsaDtB+a39EqjV0JSUM=
golang.org/x/exp v0.0.0-20250408133849-7e4ce0ab07d0/go.mod h1:S9Xr4PYopiDyqSyp5NjCrhFrqg6A5zA2E/iPHPhqnS8=
